
Microsoft Visual Studio Solution File, Format Version 11.00
# Visual Studio 2010
Project("{FAE04EC0-301F-11D3-BF4B-00C04F79EFBC}") = "czy.MyClass", "czy.MyClass.csproj", "{A41FF14D-F522-4AF6-86C1-1B8028C725FA}"
EndProject
Project("{FAE04EC0-301F-11D3-BF4B-00C04F79EFBC}") = "czy.MyDAL", "..\czy.DAL\DAL\czy.MyDAL.csproj", "{FDA9BC28-9602-4CC9-AF0F-073B009EDFC9}"
EndProject
Global
	GlobalSection(SolutionConfigurationPlatforms) = preSolution
		Debug|Any CPU = Debug|Any CPU
		Release|Any CPU = Release|Any CPU
	EndGlobalSection
	GlobalSection(ProjectConfigurationPlatforms) = postSolution
		{A41FF14D-F522-4AF6-86C1-1B8028C725FA}.Debug|Any CPU.ActiveCfg = Debug|Any CPU
		{A41FF14D-F522-4AF6-86C1-1B8028C725FA}.Debug|Any CPU.Build.0 = Debug|Any CPU
		{A41FF14D-F522-4AF6-86C1-1B8028C725FA}.Release|Any CPU.ActiveCfg = Release|Any CPU
		{A41FF14D-F522-4AF6-86C1-1B8028C725FA}.Release|Any CPU.Build.0 = Release|Any CPU
		{FDA9BC28-9602-4CC9-AF0F-073B009EDFC9}.Debug|Any CPU.ActiveCfg = Debug|Any CPU
		{FDA9BC28-9602-4CC9-AF0F-073B009EDFC9}.Debug|Any CPU.Build.0 = Debug|Any CPU
		{FDA9BC28-9602-4CC9-AF0F-073B009EDFC9}.Release|Any CPU.ActiveCfg = Release|Any CPU
		{FDA9BC28-9602-4CC9-AF0F-073B009EDFC9}.Release|Any CPU.Build.0 = Release|Any CPU
	EndGlobalSection
	GlobalSection(SolutionProperties) = preSolution
		HideSolutionNode = FALSE
	EndGlobalSection
EndGlobal
