
Microsoft Visual Studio Solution File, Format Version 10.00
# Visual Studio 2008
Project("{E24C65DC-7377-472B-9ABA-BC803B73C61A}") = "TempWebSite", ".", "{C8CA6A61-21A8-47F9-B50D-98180B083EEB}"
	ProjectSection(WebsiteProperties) = preProject
		TargetFramework = "3.5"
		Debug.AspNetCompiler.VirtualPath = "/TempWebSite"
		Debug.AspNetCompiler.PhysicalPath = "E:\caizhongyi\MyWork\Library\TempWebSite\"
		Debug.AspNetCompiler.TargetPath = "PrecompiledWeb\TempWebSite\"
		Debug.AspNetCompiler.Updateable = "true"
		Debug.AspNetCompiler.ForceOverwrite = "true"
		Debug.AspNetCompiler.FixedNames = "false"
		Debug.AspNetCompiler.Debug = "True"
		Release.AspNetCompiler.VirtualPath = "/TempWebSite"
		Release.AspNetCompiler.PhysicalPath = "E:\caizhongyi\MyWork\Library\TempWebSite\"
		Release.AspNetCompiler.TargetPath = "PrecompiledWeb\TempWebSite\"
		Release.AspNetCompiler.Updateable = "true"
		Release.AspNetCompiler.ForceOverwrite = "true"
		Release.AspNetCompiler.FixedNames = "false"
		Release.AspNetCompiler.Debug = "False"
		VWDPort = "3430"
	EndProjectSection
EndProject
Global
	GlobalSection(SolutionConfigurationPlatforms) = preSolution
		Debug|.NET = Debug|.NET
	EndGlobalSection
	GlobalSection(ProjectConfigurationPlatforms) = postSolution
		{C8CA6A61-21A8-47F9-B50D-98180B083EEB}.Debug|.NET.ActiveCfg = Debug|.NET
		{C8CA6A61-21A8-47F9-B50D-98180B083EEB}.Debug|.NET.Build.0 = Debug|.NET
	EndGlobalSection
	GlobalSection(SolutionProperties) = preSolution
		HideSolutionNode = FALSE
	EndGlobalSection
EndGlobal
