
Microsoft Visual Studio Solution File, Format Version 9.00
# Visual Studio 2005
Project("{FAE04EC0-301F-11D3-BF4B-00C04F79EFBC}") = "Ref or Out", "Ref or Out\Ref or Out.csproj", "{347E2150-5C82-4770-97DB-6C6626A5A293}"
EndProject
Global
	GlobalSection(SolutionConfigurationPlatforms) = preSolution
		Debug|Any CPU = Debug|Any CPU
		Release|Any CPU = Release|Any CPU
	EndGlobalSection
	GlobalSection(ProjectConfigurationPlatforms) = postSolution
		{347E2150-5C82-4770-97DB-6C6626A5A293}.Debug|Any CPU.ActiveCfg = Debug|Any CPU
		{347E2150-5C82-4770-97DB-6C6626A5A293}.Debug|Any CPU.Build.0 = Debug|Any CPU
		{347E2150-5C82-4770-97DB-6C6626A5A293}.Release|Any CPU.ActiveCfg = Release|Any CPU
		{347E2150-5C82-4770-97DB-6C6626A5A293}.Release|Any CPU.Build.0 = Release|Any CPU
	EndGlobalSection
	GlobalSection(SolutionProperties) = preSolution
		HideSolutionNode = FALSE
	EndGlobalSection
EndGlobal
