
Microsoft Visual Studio Solution File, Format Version 10.00
# Visual Studio 2008
Project("{2150E333-8FDC-42A3-9474-1A3956D46DE8}") = "基础层", "基础层", "{16CADB8C-1333-4AA6-9BA3-376D2C5A6716}"
EndProject
Project("{2150E333-8FDC-42A3-9474-1A3956D46DE8}") = "数据层", "数据层", "{BC37E328-CF8E-4108-969E-157EDD496B4E}"
EndProject
Project("{2150E333-8FDC-42A3-9474-1A3956D46DE8}") = "应用程序", "应用程序", "{A5D101D1-BBC5-4811-8D6A-C2EF434B3466}"
EndProject
Project("{2150E333-8FDC-42A3-9474-1A3956D46DE8}") = "网站层", "网站层", "{FFEC5471-F4BA-45B7-BA2A-CBFD152C9F55}"
EndProject
Project("{2150E333-8FDC-42A3-9474-1A3956D46DE8}") = "事务接口层", "事务接口层", "{9873CCB0-7ED4-4831-9F97-C4E536506AAE}"
EndProject
Project("{FAE04EC0-301F-11D3-BF4B-00C04F79EFBC}") = "JuSNS.Web", "JuSNS.Web\JuSNS.Web.csproj", "{B09D1E60-FFA0-43E0-9642-EF7ED1555AA3}"
EndProject
Project("{FAE04EC0-301F-11D3-BF4B-00C04F79EFBC}") = "JuSNS.App", "JuSNS.Interface\JuSNS.App.csproj", "{D85A48E7-6E4A-4653-AEF5-EB3BD000743C}"
EndProject
Project("{FAE04EC0-301F-11D3-BF4B-00C04F79EFBC}") = "JuSNS.AppClient", "JuSNS.AppClient\JuSNS.AppClient.csproj", "{3DA589DF-9152-42F8-A9EE-E26B9859CDF1}"
EndProject
Project("{FAE04EC0-301F-11D3-BF4B-00C04F79EFBC}") = "JuSNS.Common", "JuSNS.Common\JuSNS.Common.csproj", "{1A01015B-E77C-4FB0-9A5A-C7DA28C8EBBA}"
EndProject
Project("{FAE04EC0-301F-11D3-BF4B-00C04F79EFBC}") = "JuSNS.Config", "JuSNS.Config\JuSNS.Config.csproj", "{86665BB3-8B78-4E3A-ACB9-FBD94509DEE7}"
EndProject
Project("{FAE04EC0-301F-11D3-BF4B-00C04F79EFBC}") = "JuSNS.Factory", "JuSNS.Factory\JuSNS.Factory.csproj", "{3440E858-42CE-4637-B067-558C9997B563}"
EndProject
Project("{FAE04EC0-301F-11D3-BF4B-00C04F79EFBC}") = "JuSNS.Home", "JuSNS.Home\JuSNS.Home.csproj", "{2672F03A-951B-4B92-A1D0-82DC763109F5}"
EndProject
Project("{FAE04EC0-301F-11D3-BF4B-00C04F79EFBC}") = "JuSNS.Model", "JuSNS.Model\JuSNS.Model.csproj", "{C8EEDA36-9208-49A7-8892-4A635E601D1D}"
EndProject
Project("{FAE04EC0-301F-11D3-BF4B-00C04F79EFBC}") = "JuSNS.Profile", "JuSNS.Profile\JuSNS.Profile.csproj", "{20C868E1-B988-40D3-82AB-64A1B4A542A5}"
EndProject
Project("{FAE04EC0-301F-11D3-BF4B-00C04F79EFBC}") = "JuSNS.SQLServer", "JuSNS.SQLServer\JuSNS.SQLServer.csproj", "{B672DF14-A200-4693-BF62-7510E3EE16F8}"
EndProject
Project("{FAE04EC0-301F-11D3-BF4B-00C04F79EFBC}") = "JuSNS.AppExample", "JuSNS.AppExample\JuSNS.AppExample.csproj", "{0E0F0D47-1B2C-46F8-A9EE-70BFD7EB5029}"
EndProject
Project("{FAE04EC0-301F-11D3-BF4B-00C04F79EFBC}") = "JuSNS.Cache", "JuSNS.Cache\JuSNS.Cache.csproj", "{7B20EF4F-3D31-46D0-BC08-25EF0F933224}"
EndProject
Global
	GlobalSection(SubversionScc) = preSolution
		Svn-Managed = True
		Manager = AnkhSVN - Subversion Support for Visual Studio
	EndGlobalSection
	GlobalSection(SolutionConfigurationPlatforms) = preSolution
		Debug|.NET = Debug|.NET
		Debug|Any CPU = Debug|Any CPU
		Debug|Mixed Platforms = Debug|Mixed Platforms
		Release|.NET = Release|.NET
		Release|Any CPU = Release|Any CPU
		Release|Mixed Platforms = Release|Mixed Platforms
	EndGlobalSection
	GlobalSection(ProjectConfigurationPlatforms) = postSolution
		{B09D1E60-FFA0-43E0-9642-EF7ED1555AA3}.Debug|.NET.ActiveCfg = Debug|Any CPU
		{B09D1E60-FFA0-43E0-9642-EF7ED1555AA3}.Debug|Any CPU.ActiveCfg = Debug|Any CPU
		{B09D1E60-FFA0-43E0-9642-EF7ED1555AA3}.Debug|Any CPU.Build.0 = Debug|Any CPU
		{B09D1E60-FFA0-43E0-9642-EF7ED1555AA3}.Debug|Mixed Platforms.ActiveCfg = Debug|Any CPU
		{B09D1E60-FFA0-43E0-9642-EF7ED1555AA3}.Debug|Mixed Platforms.Build.0 = Debug|Any CPU
		{B09D1E60-FFA0-43E0-9642-EF7ED1555AA3}.Release|.NET.ActiveCfg = Release|Any CPU
		{B09D1E60-FFA0-43E0-9642-EF7ED1555AA3}.Release|Any CPU.ActiveCfg = Release|Any CPU
		{B09D1E60-FFA0-43E0-9642-EF7ED1555AA3}.Release|Any CPU.Build.0 = Release|Any CPU
		{B09D1E60-FFA0-43E0-9642-EF7ED1555AA3}.Release|Mixed Platforms.ActiveCfg = Release|Any CPU
		{B09D1E60-FFA0-43E0-9642-EF7ED1555AA3}.Release|Mixed Platforms.Build.0 = Release|Any CPU
		{D85A48E7-6E4A-4653-AEF5-EB3BD000743C}.Debug|.NET.ActiveCfg = Debug|Any CPU
		{D85A48E7-6E4A-4653-AEF5-EB3BD000743C}.Debug|Any CPU.ActiveCfg = Debug|Any CPU
		{D85A48E7-6E4A-4653-AEF5-EB3BD000743C}.Debug|Any CPU.Build.0 = Debug|Any CPU
		{D85A48E7-6E4A-4653-AEF5-EB3BD000743C}.Debug|Mixed Platforms.ActiveCfg = Debug|Any CPU
		{D85A48E7-6E4A-4653-AEF5-EB3BD000743C}.Debug|Mixed Platforms.Build.0 = Debug|Any CPU
		{D85A48E7-6E4A-4653-AEF5-EB3BD000743C}.Release|.NET.ActiveCfg = Release|Any CPU
		{D85A48E7-6E4A-4653-AEF5-EB3BD000743C}.Release|Any CPU.ActiveCfg = Release|Any CPU
		{D85A48E7-6E4A-4653-AEF5-EB3BD000743C}.Release|Any CPU.Build.0 = Release|Any CPU
		{D85A48E7-6E4A-4653-AEF5-EB3BD000743C}.Release|Mixed Platforms.ActiveCfg = Release|Any CPU
		{D85A48E7-6E4A-4653-AEF5-EB3BD000743C}.Release|Mixed Platforms.Build.0 = Release|Any CPU
		{3DA589DF-9152-42F8-A9EE-E26B9859CDF1}.Debug|.NET.ActiveCfg = Debug|Any CPU
		{3DA589DF-9152-42F8-A9EE-E26B9859CDF1}.Debug|Any CPU.ActiveCfg = Debug|Any CPU
		{3DA589DF-9152-42F8-A9EE-E26B9859CDF1}.Debug|Any CPU.Build.0 = Debug|Any CPU
		{3DA589DF-9152-42F8-A9EE-E26B9859CDF1}.Debug|Mixed Platforms.ActiveCfg = Debug|Any CPU
		{3DA589DF-9152-42F8-A9EE-E26B9859CDF1}.Debug|Mixed Platforms.Build.0 = Debug|Any CPU
		{3DA589DF-9152-42F8-A9EE-E26B9859CDF1}.Release|.NET.ActiveCfg = Release|Any CPU
		{3DA589DF-9152-42F8-A9EE-E26B9859CDF1}.Release|Any CPU.ActiveCfg = Release|Any CPU
		{3DA589DF-9152-42F8-A9EE-E26B9859CDF1}.Release|Any CPU.Build.0 = Release|Any CPU
		{3DA589DF-9152-42F8-A9EE-E26B9859CDF1}.Release|Mixed Platforms.ActiveCfg = Release|Any CPU
		{3DA589DF-9152-42F8-A9EE-E26B9859CDF1}.Release|Mixed Platforms.Build.0 = Release|Any CPU
		{1A01015B-E77C-4FB0-9A5A-C7DA28C8EBBA}.Debug|.NET.ActiveCfg = Debug|Any CPU
		{1A01015B-E77C-4FB0-9A5A-C7DA28C8EBBA}.Debug|Any CPU.ActiveCfg = Debug|Any CPU
		{1A01015B-E77C-4FB0-9A5A-C7DA28C8EBBA}.Debug|Any CPU.Build.0 = Debug|Any CPU
		{1A01015B-E77C-4FB0-9A5A-C7DA28C8EBBA}.Debug|Mixed Platforms.ActiveCfg = Debug|Any CPU
		{1A01015B-E77C-4FB0-9A5A-C7DA28C8EBBA}.Debug|Mixed Platforms.Build.0 = Debug|Any CPU
		{1A01015B-E77C-4FB0-9A5A-C7DA28C8EBBA}.Release|.NET.ActiveCfg = Release|Any CPU
		{1A01015B-E77C-4FB0-9A5A-C7DA28C8EBBA}.Release|Any CPU.ActiveCfg = Release|Any CPU
		{1A01015B-E77C-4FB0-9A5A-C7DA28C8EBBA}.Release|Any CPU.Build.0 = Release|Any CPU
		{1A01015B-E77C-4FB0-9A5A-C7DA28C8EBBA}.Release|Mixed Platforms.ActiveCfg = Release|Any CPU
		{1A01015B-E77C-4FB0-9A5A-C7DA28C8EBBA}.Release|Mixed Platforms.Build.0 = Release|Any CPU
		{86665BB3-8B78-4E3A-ACB9-FBD94509DEE7}.Debug|.NET.ActiveCfg = Debug|Any CPU
		{86665BB3-8B78-4E3A-ACB9-FBD94509DEE7}.Debug|Any CPU.ActiveCfg = Debug|Any CPU
		{86665BB3-8B78-4E3A-ACB9-FBD94509DEE7}.Debug|Any CPU.Build.0 = Debug|Any CPU
		{86665BB3-8B78-4E3A-ACB9-FBD94509DEE7}.Debug|Mixed Platforms.ActiveCfg = Debug|Any CPU
		{86665BB3-8B78-4E3A-ACB9-FBD94509DEE7}.Debug|Mixed Platforms.Build.0 = Debug|Any CPU
		{86665BB3-8B78-4E3A-ACB9-FBD94509DEE7}.Release|.NET.ActiveCfg = Release|Any CPU
		{86665BB3-8B78-4E3A-ACB9-FBD94509DEE7}.Release|Any CPU.ActiveCfg = Release|Any CPU
		{86665BB3-8B78-4E3A-ACB9-FBD94509DEE7}.Release|Any CPU.Build.0 = Release|Any CPU
		{86665BB3-8B78-4E3A-ACB9-FBD94509DEE7}.Release|Mixed Platforms.ActiveCfg = Release|Any CPU
		{86665BB3-8B78-4E3A-ACB9-FBD94509DEE7}.Release|Mixed Platforms.Build.0 = Release|Any CPU
		{3440E858-42CE-4637-B067-558C9997B563}.Debug|.NET.ActiveCfg = Debug|Any CPU
		{3440E858-42CE-4637-B067-558C9997B563}.Debug|Any CPU.ActiveCfg = Debug|Any CPU
		{3440E858-42CE-4637-B067-558C9997B563}.Debug|Any CPU.Build.0 = Debug|Any CPU
		{3440E858-42CE-4637-B067-558C9997B563}.Debug|Mixed Platforms.ActiveCfg = Debug|Any CPU
		{3440E858-42CE-4637-B067-558C9997B563}.Debug|Mixed Platforms.Build.0 = Debug|Any CPU
		{3440E858-42CE-4637-B067-558C9997B563}.Release|.NET.ActiveCfg = Release|Any CPU
		{3440E858-42CE-4637-B067-558C9997B563}.Release|Any CPU.ActiveCfg = Release|Any CPU
		{3440E858-42CE-4637-B067-558C9997B563}.Release|Any CPU.Build.0 = Release|Any CPU
		{3440E858-42CE-4637-B067-558C9997B563}.Release|Mixed Platforms.ActiveCfg = Release|Any CPU
		{3440E858-42CE-4637-B067-558C9997B563}.Release|Mixed Platforms.Build.0 = Release|Any CPU
		{2672F03A-951B-4B92-A1D0-82DC763109F5}.Debug|.NET.ActiveCfg = Debug|Any CPU
		{2672F03A-951B-4B92-A1D0-82DC763109F5}.Debug|Any CPU.ActiveCfg = Debug|Any CPU
		{2672F03A-951B-4B92-A1D0-82DC763109F5}.Debug|Any CPU.Build.0 = Debug|Any CPU
		{2672F03A-951B-4B92-A1D0-82DC763109F5}.Debug|Mixed Platforms.ActiveCfg = Debug|Any CPU
		{2672F03A-951B-4B92-A1D0-82DC763109F5}.Debug|Mixed Platforms.Build.0 = Debug|Any CPU
		{2672F03A-951B-4B92-A1D0-82DC763109F5}.Release|.NET.ActiveCfg = Release|Any CPU
		{2672F03A-951B-4B92-A1D0-82DC763109F5}.Release|Any CPU.ActiveCfg = Release|Any CPU
		{2672F03A-951B-4B92-A1D0-82DC763109F5}.Release|Any CPU.Build.0 = Release|Any CPU
		{2672F03A-951B-4B92-A1D0-82DC763109F5}.Release|Mixed Platforms.ActiveCfg = Release|Any CPU
		{2672F03A-951B-4B92-A1D0-82DC763109F5}.Release|Mixed Platforms.Build.0 = Release|Any CPU
		{C8EEDA36-9208-49A7-8892-4A635E601D1D}.Debug|.NET.ActiveCfg = Debug|Any CPU
		{C8EEDA36-9208-49A7-8892-4A635E601D1D}.Debug|Any CPU.ActiveCfg = Debug|Any CPU
		{C8EEDA36-9208-49A7-8892-4A635E601D1D}.Debug|Any CPU.Build.0 = Debug|Any CPU
		{C8EEDA36-9208-49A7-8892-4A635E601D1D}.Debug|Mixed Platforms.ActiveCfg = Debug|Any CPU
		{C8EEDA36-9208-49A7-8892-4A635E601D1D}.Debug|Mixed Platforms.Build.0 = Debug|Any CPU
		{C8EEDA36-9208-49A7-8892-4A635E601D1D}.Release|.NET.ActiveCfg = Release|Any CPU
		{C8EEDA36-9208-49A7-8892-4A635E601D1D}.Release|Any CPU.ActiveCfg = Release|Any CPU
		{C8EEDA36-9208-49A7-8892-4A635E601D1D}.Release|Any CPU.Build.0 = Release|Any CPU
		{C8EEDA36-9208-49A7-8892-4A635E601D1D}.Release|Mixed Platforms.ActiveCfg = Release|Any CPU
		{C8EEDA36-9208-49A7-8892-4A635E601D1D}.Release|Mixed Platforms.Build.0 = Release|Any CPU
		{20C868E1-B988-40D3-82AB-64A1B4A542A5}.Debug|.NET.ActiveCfg = Debug|Any CPU
		{20C868E1-B988-40D3-82AB-64A1B4A542A5}.Debug|Any CPU.ActiveCfg = Debug|Any CPU
		{20C868E1-B988-40D3-82AB-64A1B4A542A5}.Debug|Any CPU.Build.0 = Debug|Any CPU
		{20C868E1-B988-40D3-82AB-64A1B4A542A5}.Debug|Mixed Platforms.ActiveCfg = Debug|Any CPU
		{20C868E1-B988-40D3-82AB-64A1B4A542A5}.Debug|Mixed Platforms.Build.0 = Debug|Any CPU
		{20C868E1-B988-40D3-82AB-64A1B4A542A5}.Release|.NET.ActiveCfg = Release|Any CPU
		{20C868E1-B988-40D3-82AB-64A1B4A542A5}.Release|Any CPU.ActiveCfg = Release|Any CPU
		{20C868E1-B988-40D3-82AB-64A1B4A542A5}.Release|Any CPU.Build.0 = Release|Any CPU
		{20C868E1-B988-40D3-82AB-64A1B4A542A5}.Release|Mixed Platforms.ActiveCfg = Release|Any CPU
		{20C868E1-B988-40D3-82AB-64A1B4A542A5}.Release|Mixed Platforms.Build.0 = Release|Any CPU
		{B672DF14-A200-4693-BF62-7510E3EE16F8}.Debug|.NET.ActiveCfg = Debug|Any CPU
		{B672DF14-A200-4693-BF62-7510E3EE16F8}.Debug|Any CPU.ActiveCfg = Debug|Any CPU
		{B672DF14-A200-4693-BF62-7510E3EE16F8}.Debug|Any CPU.Build.0 = Debug|Any CPU
		{B672DF14-A200-4693-BF62-7510E3EE16F8}.Debug|Mixed Platforms.ActiveCfg = Debug|Any CPU
		{B672DF14-A200-4693-BF62-7510E3EE16F8}.Debug|Mixed Platforms.Build.0 = Debug|Any CPU
		{B672DF14-A200-4693-BF62-7510E3EE16F8}.Release|.NET.ActiveCfg = Release|Any CPU
		{B672DF14-A200-4693-BF62-7510E3EE16F8}.Release|Any CPU.ActiveCfg = Release|Any CPU
		{B672DF14-A200-4693-BF62-7510E3EE16F8}.Release|Any CPU.Build.0 = Release|Any CPU
		{B672DF14-A200-4693-BF62-7510E3EE16F8}.Release|Mixed Platforms.ActiveCfg = Release|Any CPU
		{B672DF14-A200-4693-BF62-7510E3EE16F8}.Release|Mixed Platforms.Build.0 = Release|Any CPU
		{0E0F0D47-1B2C-46F8-A9EE-70BFD7EB5029}.Debug|.NET.ActiveCfg = Debug|Any CPU
		{0E0F0D47-1B2C-46F8-A9EE-70BFD7EB5029}.Debug|Any CPU.ActiveCfg = Debug|Any CPU
		{0E0F0D47-1B2C-46F8-A9EE-70BFD7EB5029}.Debug|Any CPU.Build.0 = Debug|Any CPU
		{0E0F0D47-1B2C-46F8-A9EE-70BFD7EB5029}.Debug|Mixed Platforms.ActiveCfg = Debug|Any CPU
		{0E0F0D47-1B2C-46F8-A9EE-70BFD7EB5029}.Debug|Mixed Platforms.Build.0 = Debug|Any CPU
		{0E0F0D47-1B2C-46F8-A9EE-70BFD7EB5029}.Release|.NET.ActiveCfg = Release|Any CPU
		{0E0F0D47-1B2C-46F8-A9EE-70BFD7EB5029}.Release|Any CPU.ActiveCfg = Release|Any CPU
		{0E0F0D47-1B2C-46F8-A9EE-70BFD7EB5029}.Release|Any CPU.Build.0 = Release|Any CPU
		{0E0F0D47-1B2C-46F8-A9EE-70BFD7EB5029}.Release|Mixed Platforms.ActiveCfg = Release|Any CPU
		{0E0F0D47-1B2C-46F8-A9EE-70BFD7EB5029}.Release|Mixed Platforms.Build.0 = Release|Any CPU
		{7B20EF4F-3D31-46D0-BC08-25EF0F933224}.Debug|.NET.ActiveCfg = Debug|Any CPU
		{7B20EF4F-3D31-46D0-BC08-25EF0F933224}.Debug|Any CPU.ActiveCfg = Debug|Any CPU
		{7B20EF4F-3D31-46D0-BC08-25EF0F933224}.Debug|Any CPU.Build.0 = Debug|Any CPU
		{7B20EF4F-3D31-46D0-BC08-25EF0F933224}.Debug|Mixed Platforms.ActiveCfg = Debug|Any CPU
		{7B20EF4F-3D31-46D0-BC08-25EF0F933224}.Debug|Mixed Platforms.Build.0 = Debug|Any CPU
		{7B20EF4F-3D31-46D0-BC08-25EF0F933224}.Release|.NET.ActiveCfg = Release|Any CPU
		{7B20EF4F-3D31-46D0-BC08-25EF0F933224}.Release|Any CPU.ActiveCfg = Release|Any CPU
		{7B20EF4F-3D31-46D0-BC08-25EF0F933224}.Release|Any CPU.Build.0 = Release|Any CPU
		{7B20EF4F-3D31-46D0-BC08-25EF0F933224}.Release|Mixed Platforms.ActiveCfg = Release|Any CPU
		{7B20EF4F-3D31-46D0-BC08-25EF0F933224}.Release|Mixed Platforms.Build.0 = Release|Any CPU
	EndGlobalSection
	GlobalSection(SolutionProperties) = preSolution
		HideSolutionNode = FALSE
	EndGlobalSection
	GlobalSection(NestedProjects) = preSolution
		{1A01015B-E77C-4FB0-9A5A-C7DA28C8EBBA} = {16CADB8C-1333-4AA6-9BA3-376D2C5A6716}
		{86665BB3-8B78-4E3A-ACB9-FBD94509DEE7} = {16CADB8C-1333-4AA6-9BA3-376D2C5A6716}
		{7B20EF4F-3D31-46D0-BC08-25EF0F933224} = {16CADB8C-1333-4AA6-9BA3-376D2C5A6716}
		{20C868E1-B988-40D3-82AB-64A1B4A542A5} = {BC37E328-CF8E-4108-969E-157EDD496B4E}
		{B672DF14-A200-4693-BF62-7510E3EE16F8} = {BC37E328-CF8E-4108-969E-157EDD496B4E}
		{D85A48E7-6E4A-4653-AEF5-EB3BD000743C} = {A5D101D1-BBC5-4811-8D6A-C2EF434B3466}
		{3DA589DF-9152-42F8-A9EE-E26B9859CDF1} = {A5D101D1-BBC5-4811-8D6A-C2EF434B3466}
		{B09D1E60-FFA0-43E0-9642-EF7ED1555AA3} = {FFEC5471-F4BA-45B7-BA2A-CBFD152C9F55}
		{0E0F0D47-1B2C-46F8-A9EE-70BFD7EB5029} = {FFEC5471-F4BA-45B7-BA2A-CBFD152C9F55}
		{3440E858-42CE-4637-B067-558C9997B563} = {9873CCB0-7ED4-4831-9F97-C4E536506AAE}
		{2672F03A-951B-4B92-A1D0-82DC763109F5} = {9873CCB0-7ED4-4831-9F97-C4E536506AAE}
		{C8EEDA36-9208-49A7-8892-4A635E601D1D} = {9873CCB0-7ED4-4831-9F97-C4E536506AAE}
	EndGlobalSection
EndGlobal
