
Microsoft Visual Studio Solution File, Format Version 10.00
# Visual Studio 2008
Project("{FAE04EC0-301F-11D3-BF4B-00C04F79EFBC}") = "YZWBSM", "YZWBSM\YZWBSM.csproj", "{666FA6F7-89A1-4B05-873B-50704436F4FC}"
EndProject
Global
	GlobalSection(SolutionConfigurationPlatforms) = preSolution
		Debug|Any CPU = Debug|Any CPU
		Release|Any CPU = Release|Any CPU
	EndGlobalSection
	GlobalSection(ProjectConfigurationPlatforms) = postSolution
		{666FA6F7-89A1-4B05-873B-50704436F4FC}.Debug|Any CPU.ActiveCfg = Debug|Any CPU
		{666FA6F7-89A1-4B05-873B-50704436F4FC}.Debug|Any CPU.Build.0 = Debug|Any CPU
		{666FA6F7-89A1-4B05-873B-50704436F4FC}.Release|Any CPU.ActiveCfg = Release|Any CPU
		{666FA6F7-89A1-4B05-873B-50704436F4FC}.Release|Any CPU.Build.0 = Release|Any CPU
	EndGlobalSection
	GlobalSection(SolutionProperties) = preSolution
		HideSolutionNode = FALSE
	EndGlobalSection
EndGlobal
