
Microsoft Visual Studio Solution File, Format Version 11.00
# Visual Studio 2010
Project("{FAE04EC0-301F-11D3-BF4B-00C04F79EFBC}") = "Interactivity", "Interactivity.csproj", "{9E7AB574-D4CC-4A6A-8437-DCD3D0775269}"
EndProject
Project("{FAE04EC0-301F-11D3-BF4B-00C04F79EFBC}") = "TestApp", "..\TestApp\TestApp.csproj", "{BF4C7C8F-ACAF-4CD0-9C85-21C8B8D08CEA}"
EndProject
Global
	GlobalSection(SolutionConfigurationPlatforms) = preSolution
		Debug|Any CPU = Debug|Any CPU
		Release|Any CPU = Release|Any CPU
	EndGlobalSection
	GlobalSection(ProjectConfigurationPlatforms) = postSolution
		{9E7AB574-D4CC-4A6A-8437-DCD3D0775269}.Debug|Any CPU.ActiveCfg = Debug|Any CPU
		{9E7AB574-D4CC-4A6A-8437-DCD3D0775269}.Debug|Any CPU.Build.0 = Debug|Any CPU
		{9E7AB574-D4CC-4A6A-8437-DCD3D0775269}.Release|Any CPU.ActiveCfg = Release|Any CPU
		{9E7AB574-D4CC-4A6A-8437-DCD3D0775269}.Release|Any CPU.Build.0 = Release|Any CPU
		{BF4C7C8F-ACAF-4CD0-9C85-21C8B8D08CEA}.Debug|Any CPU.ActiveCfg = Debug|Any CPU
		{BF4C7C8F-ACAF-4CD0-9C85-21C8B8D08CEA}.Debug|Any CPU.Build.0 = Debug|Any CPU
		{BF4C7C8F-ACAF-4CD0-9C85-21C8B8D08CEA}.Release|Any CPU.ActiveCfg = Release|Any CPU
		{BF4C7C8F-ACAF-4CD0-9C85-21C8B8D08CEA}.Release|Any CPU.Build.0 = Release|Any CPU
	EndGlobalSection
	GlobalSection(SolutionProperties) = preSolution
		HideSolutionNode = FALSE
	EndGlobalSection
EndGlobal
