
Microsoft Visual Studio Solution File, Format Version 9.00
# Visual Studio 2005
Project("{FAE04EC0-301F-11D3-BF4B-00C04F79EFBC}") = "FindFile", "FindFile\FindFile.csproj", "{3421807C-7126-4EE1-87BC-7B24A942FBFF}"
EndProject
Global
	GlobalSection(SolutionConfigurationPlatforms) = preSolution
		Debug|Any CPU = Debug|Any CPU
		Release|Any CPU = Release|Any CPU
	EndGlobalSection
	GlobalSection(ProjectConfigurationPlatforms) = postSolution
		{3421807C-7126-4EE1-87BC-7B24A942FBFF}.Debug|Any CPU.ActiveCfg = Debug|Any CPU
		{3421807C-7126-4EE1-87BC-7B24A942FBFF}.Debug|Any CPU.Build.0 = Debug|Any CPU
		{3421807C-7126-4EE1-87BC-7B24A942FBFF}.Release|Any CPU.ActiveCfg = Release|Any CPU
		{3421807C-7126-4EE1-87BC-7B24A942FBFF}.Release|Any CPU.Build.0 = Release|Any CPU
	EndGlobalSection
	GlobalSection(SolutionProperties) = preSolution
		HideSolutionNode = FALSE
	EndGlobalSection
EndGlobal
