
Microsoft Visual Studio Solution File, Format Version 9.00
# Visual Studio 2005
Project("{FAE04EC0-301F-11D3-BF4B-00C04F79EFBC}") = "FileAge", "FileAge\FileAge.csproj", "{723B1C0A-CC5F-45D5-8DA3-FFFC8C852FCD}"
EndProject
Global
	GlobalSection(SolutionConfigurationPlatforms) = preSolution
		Debug|Any CPU = Debug|Any CPU
		Release|Any CPU = Release|Any CPU
	EndGlobalSection
	GlobalSection(ProjectConfigurationPlatforms) = postSolution
		{723B1C0A-CC5F-45D5-8DA3-FFFC8C852FCD}.Debug|Any CPU.ActiveCfg = Debug|Any CPU
		{723B1C0A-CC5F-45D5-8DA3-FFFC8C852FCD}.Debug|Any CPU.Build.0 = Debug|Any CPU
		{723B1C0A-CC5F-45D5-8DA3-FFFC8C852FCD}.Release|Any CPU.ActiveCfg = Release|Any CPU
		{723B1C0A-CC5F-45D5-8DA3-FFFC8C852FCD}.Release|Any CPU.Build.0 = Release|Any CPU
	EndGlobalSection
	GlobalSection(SolutionProperties) = preSolution
		HideSolutionNode = FALSE
	EndGlobalSection
EndGlobal
