Microsoft Visual Studio Solution File, Format Version 9.00
# Visual Studio 2005
Project("{FAE04EC0-301F-11D3-BF4B-00C04F79EFBC}") = "imageConvert", "imageConvert.csproj", "{FEB797A0-90BA-449D-BE96-7533E30B130D}"
EndProject
Global
	GlobalSection(SolutionConfigurationPlatforms) = preSolution
		Debug|Any CPU = Debug|Any CPU
		Release|Any CPU = Release|Any CPU
	EndGlobalSection
	GlobalSection(ProjectConfigurationPlatforms) = postSolution
		{FEB797A0-90BA-449D-BE96-7533E30B130D}.Debug|Any CPU.ActiveCfg = Debug|Any CPU
		{FEB797A0-90BA-449D-BE96-7533E30B130D}.Debug|Any CPU.Build.0 = Debug|Any CPU
		{FEB797A0-90BA-449D-BE96-7533E30B130D}.Release|Any CPU.ActiveCfg = Release|Any CPU
		{FEB797A0-90BA-449D-BE96-7533E30B130D}.Release|Any CPU.Build.0 = Release|Any CPU
	EndGlobalSection
	GlobalSection(SolutionProperties) = preSolution
		HideSolutionNode = FALSE
	EndGlobalSection
EndGlobal
