Microsoft Visual Studio Solution File, Format Version 8.00
Project("{FAE04EC0-301F-11D3-BF4B-00C04F79EFBC}") = "Notify", "Notify.csproj", "{8B178E5D-827A-4AE0-9680-02EC39405A00}"
	ProjectSection(ProjectDependencies) = postProject
	EndProjectSection
EndProject
Global
	GlobalSection(SolutionConfiguration) = preSolution
		Debug = Debug
		Release = Release
	EndGlobalSection
	GlobalSection(ProjectConfiguration) = postSolution
		{8B178E5D-827A-4AE0-9680-02EC39405A00}.Debug.ActiveCfg = Debug|.NET
		{8B178E5D-827A-4AE0-9680-02EC39405A00}.Debug.Build.0 = Debug|.NET
		{8B178E5D-827A-4AE0-9680-02EC39405A00}.Release.ActiveCfg = Release|.NET
		{8B178E5D-827A-4AE0-9680-02EC39405A00}.Release.Build.0 = Release|.NET
	EndGlobalSection
	GlobalSection(ExtensibilityGlobals) = postSolution
	EndGlobalSection
	GlobalSection(ExtensibilityAddIns) = postSolution
	EndGlobalSection
EndGlobal
