
Microsoft Visual Studio Solution File, Format Version 9.00
# Visual Studio 2005
Project("{FAE04EC0-301F-11D3-BF4B-00C04F79EFBC}") = "send", "send\send.csproj", "{39740BC8-C1BB-4A45-87B3-6E19ED8F31A2}"
EndProject
Global
	GlobalSection(SolutionConfigurationPlatforms) = preSolution
		Debug|Any CPU = Debug|Any CPU
		Release|Any CPU = Release|Any CPU
	EndGlobalSection
	GlobalSection(ProjectConfigurationPlatforms) = postSolution
		{39740BC8-C1BB-4A45-87B3-6E19ED8F31A2}.Debug|Any CPU.ActiveCfg = Debug|Any CPU
		{39740BC8-C1BB-4A45-87B3-6E19ED8F31A2}.Debug|Any CPU.Build.0 = Debug|Any CPU
		{39740BC8-C1BB-4A45-87B3-6E19ED8F31A2}.Release|Any CPU.ActiveCfg = Release|Any CPU
		{39740BC8-C1BB-4A45-87B3-6E19ED8F31A2}.Release|Any CPU.Build.0 = Release|Any CPU
	EndGlobalSection
	GlobalSection(SolutionProperties) = preSolution
		HideSolutionNode = FALSE
	EndGlobalSection
EndGlobal
