
Microsoft Visual Studio Solution File, Format Version 9.00
# Visual Studio 2005
Project("{FAE04EC0-301F-11D3-BF4B-00C04F79EFBC}") = "MonitorClient", "MonitorClient\MonitorClient.csproj", "{FB4F29C8-4F1A-4E2E-81D3-21BF6DF32C05}"
EndProject
Project("{FAE04EC0-301F-11D3-BF4B-00C04F79EFBC}") = "Acting", "..\网吧监控端\Acting\Acting\Acting.csproj", "{C6C59380-8E6A-4F4B-83B5-655B81491D61}"
EndProject
Global
	GlobalSection(SolutionConfigurationPlatforms) = preSolution
		Debug|Any CPU = Debug|Any CPU
		Release|Any CPU = Release|Any CPU
	EndGlobalSection
	GlobalSection(ProjectConfigurationPlatforms) = postSolution
		{FB4F29C8-4F1A-4E2E-81D3-21BF6DF32C05}.Debug|Any CPU.ActiveCfg = Debug|Any CPU
		{FB4F29C8-4F1A-4E2E-81D3-21BF6DF32C05}.Debug|Any CPU.Build.0 = Debug|Any CPU
		{FB4F29C8-4F1A-4E2E-81D3-21BF6DF32C05}.Release|Any CPU.ActiveCfg = Release|Any CPU
		{FB4F29C8-4F1A-4E2E-81D3-21BF6DF32C05}.Release|Any CPU.Build.0 = Release|Any CPU
		{C6C59380-8E6A-4F4B-83B5-655B81491D61}.Debug|Any CPU.ActiveCfg = Debug|Any CPU
		{C6C59380-8E6A-4F4B-83B5-655B81491D61}.Debug|Any CPU.Build.0 = Debug|Any CPU
		{C6C59380-8E6A-4F4B-83B5-655B81491D61}.Release|Any CPU.ActiveCfg = Release|Any CPU
		{C6C59380-8E6A-4F4B-83B5-655B81491D61}.Release|Any CPU.Build.0 = Release|Any CPU
	EndGlobalSection
	GlobalSection(SolutionProperties) = preSolution
		HideSolutionNode = FALSE
	EndGlobalSection
EndGlobal
