
Microsoft Visual Studio Solution File, Format Version 9.00
# Visual Studio 2005
Project("{FAE04EC0-301F-11D3-BF4B-00C04F79EFBC}") = "ServiceLibrary", "ServiceLibrary\ServiceLibrary.csproj", "{CC36F67D-E5D0-42F2-88B2-5D0829DEE8C7}"
	ProjectSection(WebsiteProperties) = preProject
		Debug.AspNetCompiler.Debug = "True"
		Release.AspNetCompiler.Debug = "False"
	EndProjectSection
EndProject
Project("{E24C65DC-7377-472B-9ABA-BC803B73C61A}") = "WebSite\", "WebSite\", "{3D32252A-0E72-4CFC-9432-4007F8793B09}"
	ProjectSection(WebsiteProperties) = preProject
		ProjectReferences = "{CC36F67D-E5D0-42F2-88B2-5D0829DEE8C7}|ServiceLibrary.dll;"
		Debug.AspNetCompiler.VirtualPath = "/WebSite"
		Debug.AspNetCompiler.PhysicalPath = "WebSite\"
		Debug.AspNetCompiler.TargetPath = "PrecompiledWeb\WebSite\"
		Debug.AspNetCompiler.Updateable = "true"
		Debug.AspNetCompiler.ForceOverwrite = "true"
		Debug.AspNetCompiler.FixedNames = "false"
		Debug.AspNetCompiler.Debug = "True"
		Release.AspNetCompiler.VirtualPath = "/WebSite"
		Release.AspNetCompiler.PhysicalPath = "WebSite\"
		Release.AspNetCompiler.TargetPath = "PrecompiledWeb\WebSite\"
		Release.AspNetCompiler.Updateable = "true"
		Release.AspNetCompiler.ForceOverwrite = "true"
		Release.AspNetCompiler.FixedNames = "false"
		Release.AspNetCompiler.Debug = "False"
		VWDPort = "4811"
		DefaultWebSiteLanguage = "Visual C#"
	EndProjectSection
EndProject
Global
	GlobalSection(SolutionConfigurationPlatforms) = preSolution
		Debug|.NET = Debug|.NET
		Debug|Any CPU = Debug|Any CPU
		Debug|Mixed Platforms = Debug|Mixed Platforms
		Release|.NET = Release|.NET
		Release|Any CPU = Release|Any CPU
		Release|Mixed Platforms = Release|Mixed Platforms
	EndGlobalSection
	GlobalSection(ProjectConfigurationPlatforms) = postSolution
		{CC36F67D-E5D0-42F2-88B2-5D0829DEE8C7}.Debug|.NET.ActiveCfg = Debug|Any CPU
		{CC36F67D-E5D0-42F2-88B2-5D0829DEE8C7}.Debug|Any CPU.ActiveCfg = Debug|Any CPU
		{CC36F67D-E5D0-42F2-88B2-5D0829DEE8C7}.Debug|Any CPU.Build.0 = Debug|Any CPU
		{CC36F67D-E5D0-42F2-88B2-5D0829DEE8C7}.Debug|Mixed Platforms.ActiveCfg = Debug|Any CPU
		{CC36F67D-E5D0-42F2-88B2-5D0829DEE8C7}.Debug|Mixed Platforms.Build.0 = Debug|Any CPU
		{CC36F67D-E5D0-42F2-88B2-5D0829DEE8C7}.Release|.NET.ActiveCfg = Release|Any CPU
		{CC36F67D-E5D0-42F2-88B2-5D0829DEE8C7}.Release|Any CPU.ActiveCfg = Release|Any CPU
		{CC36F67D-E5D0-42F2-88B2-5D0829DEE8C7}.Release|Any CPU.Build.0 = Release|Any CPU
		{CC36F67D-E5D0-42F2-88B2-5D0829DEE8C7}.Release|Mixed Platforms.ActiveCfg = Release|Any CPU
		{CC36F67D-E5D0-42F2-88B2-5D0829DEE8C7}.Release|Mixed Platforms.Build.0 = Release|Any CPU
		{3D32252A-0E72-4CFC-9432-4007F8793B09}.Debug|.NET.ActiveCfg = Debug|.NET
		{3D32252A-0E72-4CFC-9432-4007F8793B09}.Debug|.NET.Build.0 = Debug|.NET
		{3D32252A-0E72-4CFC-9432-4007F8793B09}.Debug|Any CPU.ActiveCfg = Debug|.NET
		{3D32252A-0E72-4CFC-9432-4007F8793B09}.Debug|Mixed Platforms.ActiveCfg = Debug|.NET
		{3D32252A-0E72-4CFC-9432-4007F8793B09}.Debug|Mixed Platforms.Build.0 = Debug|.NET
		{3D32252A-0E72-4CFC-9432-4007F8793B09}.Release|.NET.ActiveCfg = Debug|.NET
		{3D32252A-0E72-4CFC-9432-4007F8793B09}.Release|.NET.Build.0 = Debug|.NET
		{3D32252A-0E72-4CFC-9432-4007F8793B09}.Release|Any CPU.ActiveCfg = Debug|.NET
		{3D32252A-0E72-4CFC-9432-4007F8793B09}.Release|Mixed Platforms.ActiveCfg = Debug|.NET
		{3D32252A-0E72-4CFC-9432-4007F8793B09}.Release|Mixed Platforms.Build.0 = Debug|.NET
	EndGlobalSection
	GlobalSection(SolutionProperties) = preSolution
		HideSolutionNode = FALSE
	EndGlobalSection
EndGlobal
