
Microsoft Visual Studio Solution File, Format Version 11.00
# Visual Studio 2010
Project("{E24C65DC-7377-472B-9ABA-BC803B73C61A}") = "blueimp-jQuery-File-Upload-2e25121", ".", "{5614D34A-7F1A-419A-9067-42AA161375BD}"
	ProjectSection(WebsiteProperties) = preProject
		TargetFrameworkMoniker = ".NETFramework,Version%3Dv4.0"
		ProjectReferences = "{F79F6DFC-9BAE-463A-8446-378428FD95E1}|czy.Upload.dll;"
		Debug.AspNetCompiler.VirtualPath = "/blueimp-jQuery-File-Upload-2e25121"
		Debug.AspNetCompiler.PhysicalPath = "..\blueimp-jQuery-File-Upload-2e25121\"
		Debug.AspNetCompiler.TargetPath = "PrecompiledWeb\blueimp-jQuery-File-Upload-2e25121\"
		Debug.AspNetCompiler.Updateable = "true"
		Debug.AspNetCompiler.ForceOverwrite = "true"
		Debug.AspNetCompiler.FixedNames = "false"
		Debug.AspNetCompiler.Debug = "True"
		Release.AspNetCompiler.VirtualPath = "/blueimp-jQuery-File-Upload-2e25121"
		Release.AspNetCompiler.PhysicalPath = "..\blueimp-jQuery-File-Upload-2e25121\"
		Release.AspNetCompiler.TargetPath = "PrecompiledWeb\blueimp-jQuery-File-Upload-2e25121\"
		Release.AspNetCompiler.Updateable = "true"
		Release.AspNetCompiler.ForceOverwrite = "true"
		Release.AspNetCompiler.FixedNames = "false"
		Release.AspNetCompiler.Debug = "False"
		VWDPort = "4441"
		VWDVirtualPath = "/"
	EndProjectSection
EndProject
Project("{FAE04EC0-301F-11D3-BF4B-00C04F79EFBC}") = "czy.Upload", "..\..\..\czy.Upload\czy.Upload.csproj", "{F79F6DFC-9BAE-463A-8446-378428FD95E1}"
EndProject
Global
	GlobalSection(SolutionConfigurationPlatforms) = preSolution
		Debug|Any CPU = Debug|Any CPU
		Release|Any CPU = Release|Any CPU
	EndGlobalSection
	GlobalSection(ProjectConfigurationPlatforms) = postSolution
		{5614D34A-7F1A-419A-9067-42AA161375BD}.Debug|Any CPU.ActiveCfg = Debug|Any CPU
		{5614D34A-7F1A-419A-9067-42AA161375BD}.Debug|Any CPU.Build.0 = Debug|Any CPU
		{5614D34A-7F1A-419A-9067-42AA161375BD}.Release|Any CPU.ActiveCfg = Debug|Any CPU
		{5614D34A-7F1A-419A-9067-42AA161375BD}.Release|Any CPU.Build.0 = Debug|Any CPU
		{F79F6DFC-9BAE-463A-8446-378428FD95E1}.Debug|Any CPU.ActiveCfg = Debug|Any CPU
		{F79F6DFC-9BAE-463A-8446-378428FD95E1}.Debug|Any CPU.Build.0 = Debug|Any CPU
		{F79F6DFC-9BAE-463A-8446-378428FD95E1}.Release|Any CPU.ActiveCfg = Release|Any CPU
		{F79F6DFC-9BAE-463A-8446-378428FD95E1}.Release|Any CPU.Build.0 = Release|Any CPU
	EndGlobalSection
	GlobalSection(SolutionProperties) = preSolution
		HideSolutionNode = FALSE
	EndGlobalSection
EndGlobal
