
Microsoft Visual Studio Solution File, Format Version 12.00
# Visual Studio 2012
Project("{E24C65DC-7377-472B-9ABA-BC803B73C61A}") = "lanqi", ".", "{18D4CB86-4795-4A09-8416-457ED2D33726}"
	ProjectSection(WebsiteProperties) = preProject
		TargetFrameworkMoniker = ".NETFramework,Version%3Dv4.0"
		Debug.AspNetCompiler.VirtualPath = "/lanqi"
		Debug.AspNetCompiler.PhysicalPath = "J:\work\c#\web\东海最后修改的代码(1)\lanqi\"
		Debug.AspNetCompiler.TargetPath = "PrecompiledWeb\lanqi\"
		Debug.AspNetCompiler.Updateable = "true"
		Debug.AspNetCompiler.ForceOverwrite = "true"
		Debug.AspNetCompiler.FixedNames = "false"
		Debug.AspNetCompiler.Debug = "True"
		Release.AspNetCompiler.VirtualPath = "/lanqi"
		Release.AspNetCompiler.PhysicalPath = "J:\work\c#\web\东海最后修改的代码(1)\lanqi\"
		Release.AspNetCompiler.TargetPath = "PrecompiledWeb\lanqi\"
		Release.AspNetCompiler.Updateable = "true"
		Release.AspNetCompiler.ForceOverwrite = "true"
		Release.AspNetCompiler.FixedNames = "false"
		Release.AspNetCompiler.Debug = "False"
		VWDPort = "3259"
	EndProjectSection
EndProject
Global
	GlobalSection(SolutionConfigurationPlatforms) = preSolution
		Debug|Any CPU = Debug|Any CPU
	EndGlobalSection
	GlobalSection(ProjectConfigurationPlatforms) = postSolution
		{18D4CB86-4795-4A09-8416-457ED2D33726}.Debug|Any CPU.ActiveCfg = Debug|Any CPU
		{18D4CB86-4795-4A09-8416-457ED2D33726}.Debug|Any CPU.Build.0 = Debug|Any CPU
	EndGlobalSection
	GlobalSection(SolutionProperties) = preSolution
		HideSolutionNode = FALSE
	EndGlobalSection
EndGlobal
