
Microsoft Visual Studio Solution File, Format Version 9.00
# Visual Studio 2005
Project("{E24C65DC-7377-472B-9ABA-BC803B73C61A}") = "E:\...\Chat\", "Chat\", "{14855BCC-5442-48E1-BD63-467A71585F6B}"
	ProjectSection(WebsiteProperties) = preProject
		Debug.AspNetCompiler.VirtualPath = "/Chat"
		Debug.AspNetCompiler.PhysicalPath = "E:\杨航资料\PowerTalk的Web控件\控件使用示例源代码\Web一对一\Chat\"
		Debug.AspNetCompiler.TargetPath = "PrecompiledWeb\Chat\"
		Debug.AspNetCompiler.Updateable = "true"
		Debug.AspNetCompiler.ForceOverwrite = "true"
		Debug.AspNetCompiler.FixedNames = "false"
		Debug.AspNetCompiler.Debug = "True"
		Release.AspNetCompiler.VirtualPath = "/Chat"
		Release.AspNetCompiler.PhysicalPath = "E:\杨航资料\PowerTalk的Web控件\控件使用示例源代码\Web一对一\Chat\"
		Release.AspNetCompiler.TargetPath = "PrecompiledWeb\Chat\"
		Release.AspNetCompiler.Updateable = "true"
		Release.AspNetCompiler.ForceOverwrite = "true"
		Release.AspNetCompiler.FixedNames = "false"
		Release.AspNetCompiler.Debug = "False"
		VWDPort = "2370"
	EndProjectSection
EndProject
Global
	GlobalSection(SolutionConfigurationPlatforms) = preSolution
		Debug|.NET = Debug|.NET
	EndGlobalSection
	GlobalSection(ProjectConfigurationPlatforms) = postSolution
		{14855BCC-5442-48E1-BD63-467A71585F6B}.Debug|.NET.ActiveCfg = Debug|.NET
		{14855BCC-5442-48E1-BD63-467A71585F6B}.Debug|.NET.Build.0 = Debug|.NET
	EndGlobalSection
	GlobalSection(SolutionProperties) = preSolution
		HideSolutionNode = FALSE
	EndGlobalSection
EndGlobal
