
Microsoft Visual Studio Solution File, Format Version 9.00
# Visual Studio 2005
Project("{FAE04EC0-301F-11D3-BF4B-00C04F79EFBC}") = "SetWallpaper", "SetWallpaper.csproj", "{BB293AFE-B483-49C2-9A0B-9BC9072753B0}"
EndProject
Project("{FAE04EC0-301F-11D3-BF4B-00C04F79EFBC}") = "WbSystem", "..\设置桌面广告\WbSystem.csproj", "{06744065-E920-4B1B-9141-9EAA79443102}"
EndProject
Global
	GlobalSection(SolutionConfigurationPlatforms) = preSolution
		Debug|Any CPU = Debug|Any CPU
		Release|Any CPU = Release|Any CPU
	EndGlobalSection
	GlobalSection(ProjectConfigurationPlatforms) = postSolution
		{BB293AFE-B483-49C2-9A0B-9BC9072753B0}.Debug|Any CPU.ActiveCfg = Debug|Any CPU
		{BB293AFE-B483-49C2-9A0B-9BC9072753B0}.Debug|Any CPU.Build.0 = Debug|Any CPU
		{BB293AFE-B483-49C2-9A0B-9BC9072753B0}.Release|Any CPU.ActiveCfg = Release|Any CPU
		{BB293AFE-B483-49C2-9A0B-9BC9072753B0}.Release|Any CPU.Build.0 = Release|Any CPU
		{06744065-E920-4B1B-9141-9EAA79443102}.Debug|Any CPU.ActiveCfg = Debug|Any CPU
		{06744065-E920-4B1B-9141-9EAA79443102}.Debug|Any CPU.Build.0 = Debug|Any CPU
		{06744065-E920-4B1B-9141-9EAA79443102}.Release|Any CPU.ActiveCfg = Release|Any CPU
		{06744065-E920-4B1B-9141-9EAA79443102}.Release|Any CPU.Build.0 = Release|Any CPU
	EndGlobalSection
	GlobalSection(SolutionProperties) = preSolution
		HideSolutionNode = FALSE
	EndGlobalSection
EndGlobal
