
Microsoft Visual Studio Solution File, Format Version 9.00
# Visual Studio 2005
Project("{FAE04EC0-301F-11D3-BF4B-00C04F79EFBC}") = "ServiceLibrary", "ServiceLibrary\ServiceLibrary.csproj", "{3007450A-1DAC-4DB5-A232-88C36C895CDD}"
EndProject
Project("{E24C65DC-7377-472B-9ABA-BC803B73C61A}") = "WebSite\", "WebSite\", "{707D06B3-64DB-444C-920A-075B31525E17}"
	ProjectSection(WebsiteProperties) = preProject
		ProjectReferences = "{3007450A-1DAC-4DB5-A232-88C36C895CDD}|ServiceLibrary.dll;"
		Debug.AspNetCompiler.VirtualPath = "/WebSite"
		Debug.AspNetCompiler.PhysicalPath = "WebSite\"
		Debug.AspNetCompiler.TargetPath = "PrecompiledWeb\WebSite\"
		Debug.AspNetCompiler.Updateable = "true"
		Debug.AspNetCompiler.ForceOverwrite = "true"
		Debug.AspNetCompiler.FixedNames = "false"
		Debug.AspNetCompiler.Debug = "True"
		Release.AspNetCompiler.VirtualPath = "/WebSite"
		Release.AspNetCompiler.PhysicalPath = "WebSite\"
		Release.AspNetCompiler.TargetPath = "PrecompiledWeb\WebSite\"
		Release.AspNetCompiler.Updateable = "true"
		Release.AspNetCompiler.ForceOverwrite = "true"
		Release.AspNetCompiler.FixedNames = "false"
		Release.AspNetCompiler.Debug = "False"
		VWDPort = "1081"
		DefaultWebSiteLanguage = "Visual C#"
	EndProjectSection
EndProject
Global
	GlobalSection(SolutionConfigurationPlatforms) = preSolution
		Debug|.NET = Debug|.NET
		Debug|Any CPU = Debug|Any CPU
		Debug|Mixed Platforms = Debug|Mixed Platforms
		Release|.NET = Release|.NET
		Release|Any CPU = Release|Any CPU
		Release|Mixed Platforms = Release|Mixed Platforms
	EndGlobalSection
	GlobalSection(ProjectConfigurationPlatforms) = postSolution
		{3007450A-1DAC-4DB5-A232-88C36C895CDD}.Debug|.NET.ActiveCfg = Debug|Any CPU
		{3007450A-1DAC-4DB5-A232-88C36C895CDD}.Debug|Any CPU.ActiveCfg = Debug|Any CPU
		{3007450A-1DAC-4DB5-A232-88C36C895CDD}.Debug|Any CPU.Build.0 = Debug|Any CPU
		{3007450A-1DAC-4DB5-A232-88C36C895CDD}.Debug|Mixed Platforms.ActiveCfg = Debug|Any CPU
		{3007450A-1DAC-4DB5-A232-88C36C895CDD}.Debug|Mixed Platforms.Build.0 = Debug|Any CPU
		{3007450A-1DAC-4DB5-A232-88C36C895CDD}.Release|.NET.ActiveCfg = Release|Any CPU
		{3007450A-1DAC-4DB5-A232-88C36C895CDD}.Release|Any CPU.ActiveCfg = Release|Any CPU
		{3007450A-1DAC-4DB5-A232-88C36C895CDD}.Release|Any CPU.Build.0 = Release|Any CPU
		{3007450A-1DAC-4DB5-A232-88C36C895CDD}.Release|Mixed Platforms.ActiveCfg = Release|Any CPU
		{3007450A-1DAC-4DB5-A232-88C36C895CDD}.Release|Mixed Platforms.Build.0 = Release|Any CPU
		{707D06B3-64DB-444C-920A-075B31525E17}.Debug|.NET.ActiveCfg = Debug|.NET
		{707D06B3-64DB-444C-920A-075B31525E17}.Debug|.NET.Build.0 = Debug|.NET
		{707D06B3-64DB-444C-920A-075B31525E17}.Debug|Any CPU.ActiveCfg = Debug|.NET
		{707D06B3-64DB-444C-920A-075B31525E17}.Debug|Mixed Platforms.ActiveCfg = Debug|.NET
		{707D06B3-64DB-444C-920A-075B31525E17}.Debug|Mixed Platforms.Build.0 = Debug|.NET
		{707D06B3-64DB-444C-920A-075B31525E17}.Release|.NET.ActiveCfg = Debug|.NET
		{707D06B3-64DB-444C-920A-075B31525E17}.Release|.NET.Build.0 = Debug|.NET
		{707D06B3-64DB-444C-920A-075B31525E17}.Release|Any CPU.ActiveCfg = Debug|.NET
		{707D06B3-64DB-444C-920A-075B31525E17}.Release|Mixed Platforms.ActiveCfg = Debug|.NET
		{707D06B3-64DB-444C-920A-075B31525E17}.Release|Mixed Platforms.Build.0 = Debug|.NET
	EndGlobalSection
	GlobalSection(SolutionProperties) = preSolution
		HideSolutionNode = FALSE
	EndGlobalSection
EndGlobal
