
Microsoft Visual Studio Solution File, Format Version 9.00
# Visual Studio 2005
Project("{FAE04EC0-301F-11D3-BF4B-00C04F79EFBC}") = "ServiceLibrary", "ServiceLibrary\ServiceLibrary.csproj", "{9AE8B037-269F-4816-9D18-ED2C9C808ED7}"
	ProjectSection(WebsiteProperties) = preProject
		Debug.AspNetCompiler.Debug = "True"
		Release.AspNetCompiler.Debug = "False"
	EndProjectSection
EndProject
Project("{E24C65DC-7377-472B-9ABA-BC803B73C61A}") = "WebSite\", "WebSite", "{7C58F0DE-EBAB-45CA-AEDB-E26AE46C500A}"
	ProjectSection(WebsiteProperties) = preProject
		ProjectReferences = "{9AE8B037-269F-4816-9D18-ED2C9C808ED7}|ServiceLibrary.dll;"
		Debug.AspNetCompiler.VirtualPath = "/WebSite"
		Debug.AspNetCompiler.PhysicalPath = "WebSite\"
		Debug.AspNetCompiler.TargetPath = "PrecompiledWeb\WebSite\"
		Debug.AspNetCompiler.Updateable = "true"
		Debug.AspNetCompiler.ForceOverwrite = "true"
		Debug.AspNetCompiler.FixedNames = "false"
		Debug.AspNetCompiler.Debug = "True"
		Release.AspNetCompiler.VirtualPath = "/WebSite"
		Release.AspNetCompiler.PhysicalPath = "WebSite\"
		Release.AspNetCompiler.TargetPath = "PrecompiledWeb\WebSite\"
		Release.AspNetCompiler.Updateable = "true"
		Release.AspNetCompiler.ForceOverwrite = "true"
		Release.AspNetCompiler.FixedNames = "false"
		Release.AspNetCompiler.Debug = "False"
		VWDPort = "1066"
		DefaultWebSiteLanguage = "Visual C#"
	EndProjectSection
EndProject
Global
	GlobalSection(SolutionConfigurationPlatforms) = preSolution
		Debug|.NET = Debug|.NET
		Debug|Any CPU = Debug|Any CPU
		Debug|Mixed Platforms = Debug|Mixed Platforms
		Release|.NET = Release|.NET
		Release|Any CPU = Release|Any CPU
		Release|Mixed Platforms = Release|Mixed Platforms
	EndGlobalSection
	GlobalSection(ProjectConfigurationPlatforms) = postSolution
		{9AE8B037-269F-4816-9D18-ED2C9C808ED7}.Debug|.NET.ActiveCfg = Debug|Any CPU
		{9AE8B037-269F-4816-9D18-ED2C9C808ED7}.Debug|Any CPU.ActiveCfg = Debug|Any CPU
		{9AE8B037-269F-4816-9D18-ED2C9C808ED7}.Debug|Any CPU.Build.0 = Debug|Any CPU
		{9AE8B037-269F-4816-9D18-ED2C9C808ED7}.Debug|Mixed Platforms.ActiveCfg = Debug|Any CPU
		{9AE8B037-269F-4816-9D18-ED2C9C808ED7}.Debug|Mixed Platforms.Build.0 = Debug|Any CPU
		{9AE8B037-269F-4816-9D18-ED2C9C808ED7}.Release|.NET.ActiveCfg = Release|Any CPU
		{9AE8B037-269F-4816-9D18-ED2C9C808ED7}.Release|Any CPU.ActiveCfg = Release|Any CPU
		{9AE8B037-269F-4816-9D18-ED2C9C808ED7}.Release|Any CPU.Build.0 = Release|Any CPU
		{9AE8B037-269F-4816-9D18-ED2C9C808ED7}.Release|Mixed Platforms.ActiveCfg = Release|Any CPU
		{9AE8B037-269F-4816-9D18-ED2C9C808ED7}.Release|Mixed Platforms.Build.0 = Release|Any CPU
		{7C58F0DE-EBAB-45CA-AEDB-E26AE46C500A}.Debug|.NET.ActiveCfg = Debug|.NET
		{7C58F0DE-EBAB-45CA-AEDB-E26AE46C500A}.Debug|.NET.Build.0 = Debug|.NET
		{7C58F0DE-EBAB-45CA-AEDB-E26AE46C500A}.Debug|Any CPU.ActiveCfg = Debug|.NET
		{7C58F0DE-EBAB-45CA-AEDB-E26AE46C500A}.Debug|Mixed Platforms.ActiveCfg = Debug|.NET
		{7C58F0DE-EBAB-45CA-AEDB-E26AE46C500A}.Debug|Mixed Platforms.Build.0 = Debug|.NET
		{7C58F0DE-EBAB-45CA-AEDB-E26AE46C500A}.Release|.NET.ActiveCfg = Debug|.NET
		{7C58F0DE-EBAB-45CA-AEDB-E26AE46C500A}.Release|.NET.Build.0 = Debug|.NET
		{7C58F0DE-EBAB-45CA-AEDB-E26AE46C500A}.Release|Any CPU.ActiveCfg = Debug|.NET
		{7C58F0DE-EBAB-45CA-AEDB-E26AE46C500A}.Release|Mixed Platforms.ActiveCfg = Debug|.NET
		{7C58F0DE-EBAB-45CA-AEDB-E26AE46C500A}.Release|Mixed Platforms.Build.0 = Debug|.NET
	EndGlobalSection
	GlobalSection(SolutionProperties) = preSolution
		HideSolutionNode = FALSE
	EndGlobalSection
EndGlobal
