
Microsoft Visual Studio Solution File, Format Version 9.00
# Visual Studio 2005
Project("{FAE04EC0-301F-11D3-BF4B-00C04F79EFBC}") = "获取局域网IP", "获取局域网IP\获取局域网IP.csproj", "{5739EF0F-168F-4E76-8906-E8A8279782ED}"
EndProject
Global
	GlobalSection(SolutionConfigurationPlatforms) = preSolution
		Debug|Any CPU = Debug|Any CPU
		Release|Any CPU = Release|Any CPU
	EndGlobalSection
	GlobalSection(ProjectConfigurationPlatforms) = postSolution
		{5739EF0F-168F-4E76-8906-E8A8279782ED}.Debug|Any CPU.ActiveCfg = Debug|Any CPU
		{5739EF0F-168F-4E76-8906-E8A8279782ED}.Debug|Any CPU.Build.0 = Debug|Any CPU
		{5739EF0F-168F-4E76-8906-E8A8279782ED}.Release|Any CPU.ActiveCfg = Release|Any CPU
		{5739EF0F-168F-4E76-8906-E8A8279782ED}.Release|Any CPU.Build.0 = Release|Any CPU
	EndGlobalSection
	GlobalSection(SolutionProperties) = preSolution
		HideSolutionNode = FALSE
	EndGlobalSection
EndGlobal
