
Microsoft Visual Studio Solution File, Format Version 9.00
# Visual Studio 2005
Project("{FAE04EC0-301F-11D3-BF4B-00C04F79EFBC}") = "ScreenSaver", "ScreenProtect\ScreenSaver.csproj", "{7AA90552-5FC3-4B37-8446-8FB491ED1DE7}"
EndProject
Global
	GlobalSection(SolutionConfigurationPlatforms) = preSolution
		Debug|Any CPU = Debug|Any CPU
		Release|Any CPU = Release|Any CPU
	EndGlobalSection
	GlobalSection(ProjectConfigurationPlatforms) = postSolution
		{7AA90552-5FC3-4B37-8446-8FB491ED1DE7}.Debug|Any CPU.ActiveCfg = Debug|Any CPU
		{7AA90552-5FC3-4B37-8446-8FB491ED1DE7}.Debug|Any CPU.Build.0 = Debug|Any CPU
		{7AA90552-5FC3-4B37-8446-8FB491ED1DE7}.Release|Any CPU.ActiveCfg = Release|Any CPU
		{7AA90552-5FC3-4B37-8446-8FB491ED1DE7}.Release|Any CPU.Build.0 = Release|Any CPU
	EndGlobalSection
	GlobalSection(SolutionProperties) = preSolution
		HideSolutionNode = FALSE
	EndGlobalSection
EndGlobal
