Microsoft Visual Studio Solution File, Format Version 10.00
# Visual Studio 2008
Project("{FAE04EC0-301F-11D3-BF4B-00C04F79EFBC}") = "DeepEarth", "DeepEarth\DeepEarth.csproj", "{CCDEF3E2-738E-479F-8B97-FDF3DAB326A3}"
EndProject
Project("{2150E333-8FDC-42A3-9474-1A3956D46DE8}") = "Prototype", "Prototype", "{107637F5-072C-4F43-893E-73861448C89A}"
EndProject
Project("{FAE04EC0-301F-11D3-BF4B-00C04F79EFBC}") = "DeepEarthPrototype", "Prototype\DeepEarthPrototype\DeepEarthPrototype.csproj", "{93D637C5-1985-42F7-8653-0CD810F1F05E}"
EndProject
Project("{E24C65DC-7377-472B-9ABA-BC803B73C61A}") = "DeepEarthPrototypeWeb", "Prototype\DeepEarthPrototypeWeb", "{1A854EDD-9369-4F91-B39F-D8D254438B75}"
	ProjectSection(WebsiteProperties) = preProject
		SccProjectName = ""
		SccAuxPath = ""
		SccLocalPath = ""
		SccProvider = ""
		TargetFramework = "3.5"
		ProjectReferences = "{4691291E-F4AE-4A2D-A175-7AE5ADD1A51A}|DeepEarth.VirtualEarth.Services.dll;"
		Debug.AspNetCompiler.VirtualPath = "/DeepEarthPrototypeWeb"
		Debug.AspNetCompiler.PhysicalPath = "Prototype\DeepEarthPrototypeWeb\"
		Debug.AspNetCompiler.TargetPath = "PrecompiledWeb\DeepEarthPrototypeWeb\"
		Debug.AspNetCompiler.Updateable = "true"
		Debug.AspNetCompiler.ForceOverwrite = "true"
		Debug.AspNetCompiler.FixedNames = "false"
		Debug.AspNetCompiler.Debug = "True"
		Release.AspNetCompiler.VirtualPath = "/DeepEarthPrototypeWeb"
		Release.AspNetCompiler.PhysicalPath = "Prototype\DeepEarthPrototypeWeb\"
		Release.AspNetCompiler.TargetPath = "PrecompiledWeb\DeepEarthPrototypeWeb\"
		Release.AspNetCompiler.Updateable = "true"
		Release.AspNetCompiler.ForceOverwrite = "true"
		Release.AspNetCompiler.FixedNames = "false"
		Release.AspNetCompiler.Debug = "False"
		VWDPort = "52638"
		VWDDynamicPort = "false"
		DefaultWebSiteLanguage = "Visual C#"
		ProjOutputReferences = "{93D637C5-1985-42F7-8653-0CD810F1F05E}|ClientBin|false;"
	EndProjectSection
EndProject
Project("{FAE04EC0-301F-11D3-BF4B-00C04F79EFBC}") = "DeepEarth.Provider", "DeepEarth.Provider\DeepEarth.Provider.csproj", "{5367C2CD-1991-4225-9A69-E60FD4EF78BF}"
EndProject
Project("{FAE04EC0-301F-11D3-BF4B-00C04F79EFBC}") = "DeepEarth.Provider.VirtualEarth", "DeepEarth.Provider.VirtualEarth\DeepEarth.Provider.VirtualEarth.csproj", "{3031F27F-3521-4240-98FE-D1A6BCDA752D}"
EndProject
Project("{FAE04EC0-301F-11D3-BF4B-00C04F79EFBC}") = "DeepEarth.Provider.VirtualEarth.Services", "DeepEarth.Provider.VirtualEarth.Services\DeepEarth.Provider.VirtualEarth.Services.csproj", "{4691291E-F4AE-4A2D-A175-7AE5ADD1A51A}"
EndProject
Global
	GlobalSection(SolutionConfigurationPlatforms) = preSolution
		Debug|.NET = Debug|.NET
		Debug|Any CPU = Debug|Any CPU
		Debug|Mixed Platforms = Debug|Mixed Platforms
		Release|.NET = Release|.NET
		Release|Any CPU = Release|Any CPU
		Release|Mixed Platforms = Release|Mixed Platforms
	EndGlobalSection
	GlobalSection(ProjectConfigurationPlatforms) = postSolution
		{CCDEF3E2-738E-479F-8B97-FDF3DAB326A3}.Debug|.NET.ActiveCfg = Debug|Any CPU
		{CCDEF3E2-738E-479F-8B97-FDF3DAB326A3}.Debug|Any CPU.ActiveCfg = Debug|Any CPU
		{CCDEF3E2-738E-479F-8B97-FDF3DAB326A3}.Debug|Any CPU.Build.0 = Debug|Any CPU
		{CCDEF3E2-738E-479F-8B97-FDF3DAB326A3}.Debug|Mixed Platforms.ActiveCfg = Debug|Any CPU
		{CCDEF3E2-738E-479F-8B97-FDF3DAB326A3}.Debug|Mixed Platforms.Build.0 = Debug|Any CPU
		{CCDEF3E2-738E-479F-8B97-FDF3DAB326A3}.Release|.NET.ActiveCfg = Release|Any CPU
		{CCDEF3E2-738E-479F-8B97-FDF3DAB326A3}.Release|Any CPU.ActiveCfg = Release|Any CPU
		{CCDEF3E2-738E-479F-8B97-FDF3DAB326A3}.Release|Any CPU.Build.0 = Release|Any CPU
		{CCDEF3E2-738E-479F-8B97-FDF3DAB326A3}.Release|Mixed Platforms.ActiveCfg = Release|Any CPU
		{CCDEF3E2-738E-479F-8B97-FDF3DAB326A3}.Release|Mixed Platforms.Build.0 = Release|Any CPU
		{93D637C5-1985-42F7-8653-0CD810F1F05E}.Debug|.NET.ActiveCfg = Debug|Any CPU
		{93D637C5-1985-42F7-8653-0CD810F1F05E}.Debug|Any CPU.ActiveCfg = Debug|Any CPU
		{93D637C5-1985-42F7-8653-0CD810F1F05E}.Debug|Any CPU.Build.0 = Debug|Any CPU
		{93D637C5-1985-42F7-8653-0CD810F1F05E}.Debug|Mixed Platforms.ActiveCfg = Debug|Any CPU
		{93D637C5-1985-42F7-8653-0CD810F1F05E}.Debug|Mixed Platforms.Build.0 = Debug|Any CPU
		{93D637C5-1985-42F7-8653-0CD810F1F05E}.Release|.NET.ActiveCfg = Release|Any CPU
		{93D637C5-1985-42F7-8653-0CD810F1F05E}.Release|Any CPU.ActiveCfg = Release|Any CPU
		{93D637C5-1985-42F7-8653-0CD810F1F05E}.Release|Any CPU.Build.0 = Release|Any CPU
		{93D637C5-1985-42F7-8653-0CD810F1F05E}.Release|Mixed Platforms.ActiveCfg = Release|Any CPU
		{93D637C5-1985-42F7-8653-0CD810F1F05E}.Release|Mixed Platforms.Build.0 = Release|Any CPU
		{1A854EDD-9369-4F91-B39F-D8D254438B75}.Debug|.NET.ActiveCfg = Debug|.NET
		{1A854EDD-9369-4F91-B39F-D8D254438B75}.Debug|.NET.Build.0 = Debug|.NET
		{1A854EDD-9369-4F91-B39F-D8D254438B75}.Debug|Any CPU.ActiveCfg = Debug|.NET
		{1A854EDD-9369-4F91-B39F-D8D254438B75}.Debug|Mixed Platforms.ActiveCfg = Debug|.NET
		{1A854EDD-9369-4F91-B39F-D8D254438B75}.Debug|Mixed Platforms.Build.0 = Debug|.NET
		{1A854EDD-9369-4F91-B39F-D8D254438B75}.Release|.NET.ActiveCfg = Debug|.NET
		{1A854EDD-9369-4F91-B39F-D8D254438B75}.Release|.NET.Build.0 = Debug|.NET
		{1A854EDD-9369-4F91-B39F-D8D254438B75}.Release|Any CPU.ActiveCfg = Debug|.NET
		{1A854EDD-9369-4F91-B39F-D8D254438B75}.Release|Mixed Platforms.ActiveCfg = Debug|.NET
		{1A854EDD-9369-4F91-B39F-D8D254438B75}.Release|Mixed Platforms.Build.0 = Debug|.NET
		{5367C2CD-1991-4225-9A69-E60FD4EF78BF}.Debug|.NET.ActiveCfg = Debug|Any CPU
		{5367C2CD-1991-4225-9A69-E60FD4EF78BF}.Debug|Any CPU.ActiveCfg = Debug|Any CPU
		{5367C2CD-1991-4225-9A69-E60FD4EF78BF}.Debug|Any CPU.Build.0 = Debug|Any CPU
		{5367C2CD-1991-4225-9A69-E60FD4EF78BF}.Debug|Mixed Platforms.ActiveCfg = Debug|Any CPU
		{5367C2CD-1991-4225-9A69-E60FD4EF78BF}.Debug|Mixed Platforms.Build.0 = Debug|Any CPU
		{5367C2CD-1991-4225-9A69-E60FD4EF78BF}.Release|.NET.ActiveCfg = Release|Any CPU
		{5367C2CD-1991-4225-9A69-E60FD4EF78BF}.Release|Any CPU.ActiveCfg = Release|Any CPU
		{5367C2CD-1991-4225-9A69-E60FD4EF78BF}.Release|Any CPU.Build.0 = Release|Any CPU
		{5367C2CD-1991-4225-9A69-E60FD4EF78BF}.Release|Mixed Platforms.ActiveCfg = Release|Any CPU
		{5367C2CD-1991-4225-9A69-E60FD4EF78BF}.Release|Mixed Platforms.Build.0 = Release|Any CPU
		{3031F27F-3521-4240-98FE-D1A6BCDA752D}.Debug|.NET.ActiveCfg = Debug|Any CPU
		{3031F27F-3521-4240-98FE-D1A6BCDA752D}.Debug|Any CPU.ActiveCfg = Debug|Any CPU
		{3031F27F-3521-4240-98FE-D1A6BCDA752D}.Debug|Any CPU.Build.0 = Debug|Any CPU
		{3031F27F-3521-4240-98FE-D1A6BCDA752D}.Debug|Mixed Platforms.ActiveCfg = Debug|Any CPU
		{3031F27F-3521-4240-98FE-D1A6BCDA752D}.Debug|Mixed Platforms.Build.0 = Debug|Any CPU
		{3031F27F-3521-4240-98FE-D1A6BCDA752D}.Release|.NET.ActiveCfg = Release|Any CPU
		{3031F27F-3521-4240-98FE-D1A6BCDA752D}.Release|Any CPU.ActiveCfg = Release|Any CPU
		{3031F27F-3521-4240-98FE-D1A6BCDA752D}.Release|Any CPU.Build.0 = Release|Any CPU
		{3031F27F-3521-4240-98FE-D1A6BCDA752D}.Release|Mixed Platforms.ActiveCfg = Release|Any CPU
		{3031F27F-3521-4240-98FE-D1A6BCDA752D}.Release|Mixed Platforms.Build.0 = Release|Any CPU
		{4691291E-F4AE-4A2D-A175-7AE5ADD1A51A}.Debug|.NET.ActiveCfg = Debug|Any CPU
		{4691291E-F4AE-4A2D-A175-7AE5ADD1A51A}.Debug|Any CPU.ActiveCfg = Debug|Any CPU
		{4691291E-F4AE-4A2D-A175-7AE5ADD1A51A}.Debug|Any CPU.Build.0 = Debug|Any CPU
		{4691291E-F4AE-4A2D-A175-7AE5ADD1A51A}.Debug|Mixed Platforms.ActiveCfg = Debug|Any CPU
		{4691291E-F4AE-4A2D-A175-7AE5ADD1A51A}.Debug|Mixed Platforms.Build.0 = Debug|Any CPU
		{4691291E-F4AE-4A2D-A175-7AE5ADD1A51A}.Release|.NET.ActiveCfg = Release|Any CPU
		{4691291E-F4AE-4A2D-A175-7AE5ADD1A51A}.Release|Any CPU.ActiveCfg = Release|Any CPU
		{4691291E-F4AE-4A2D-A175-7AE5ADD1A51A}.Release|Any CPU.Build.0 = Release|Any CPU
		{4691291E-F4AE-4A2D-A175-7AE5ADD1A51A}.Release|Mixed Platforms.ActiveCfg = Release|Any CPU
		{4691291E-F4AE-4A2D-A175-7AE5ADD1A51A}.Release|Mixed Platforms.Build.0 = Release|Any CPU
	EndGlobalSection
	GlobalSection(SolutionProperties) = preSolution
		HideSolutionNode = FALSE
	EndGlobalSection
	GlobalSection(NestedProjects) = preSolution
		{93D637C5-1985-42F7-8653-0CD810F1F05E} = {107637F5-072C-4F43-893E-73861448C89A}
		{1A854EDD-9369-4F91-B39F-D8D254438B75} = {107637F5-072C-4F43-893E-73861448C89A}
	EndGlobalSection
EndGlobal
